
Microsoft Visual Studio Solution File, Format Version 12.00
# Visual Studio Version 17
VisualStudioVersion = 17.0.32112.339
MinimumVisualStudioVersion = 10.0.40219.1
Project("{FAE04EC0-301F-11D3-BF4B-00C04F79EFBC}") = "Week5LoopsAndArrays", "Week5LoopsAndArrays.csproj", "{3CCF39C7-DA50-4756-AF60-BD9B3698968C}"
EndProject
Global
	GlobalSection(SolutionConfigurationPlatforms) = preSolution
		Debug|Any CPU = Debug|Any CPU
		Release|Any CPU = Release|Any CPU
	EndGlobalSection
	GlobalSection(ProjectConfigurationPlatforms) = postSolution
		{3CCF39C7-DA50-4756-AF60-BD9B3698968C}.Debug|Any CPU.ActiveCfg = Debug|Any CPU
		{3CCF39C7-DA50-4756-AF60-BD9B3698968C}.Debug|Any CPU.Build.0 = Debug|Any CPU
		{3CCF39C7-DA50-4756-AF60-BD9B3698968C}.Release|Any CPU.ActiveCfg = Release|Any CPU
		{3CCF39C7-DA50-4756-AF60-BD9B3698968C}.Release|Any CPU.Build.0 = Release|Any CPU
	EndGlobalSection
	GlobalSection(SolutionProperties) = preSolution
		HideSolutionNode = FALSE
	EndGlobalSection
	GlobalSection(ExtensibilityGlobals) = postSolution
		SolutionGuid = {8AC13510-CA0E-472E-A024-505654CC50C3}
	EndGlobalSection
EndGlobal
